
Microsoft Visual Studio Solution File, Format Version 12.00
# Visual Studio Version 16
VisualStudioVersion = 16.0.29728.190
MinimumVisualStudioVersion = 10.0.40219.1
Project("{9A19103F-16F7-4668-BE54-9A1E7A4F7556}") = "MdParser", "MdParser.csproj", "{AEE7E216-9FC0-490C-8F20-FCDD011C9825}"
EndProject
Project("{FAE04EC0-301F-11D3-BF4B-00C04F79EFBC}") = "MdParserUnitTest", "..\MdParserUnitTest\MdParserUnitTest.csproj", "{C45CCC59-AB72-4D98-8A5F-373C73F45AA4}"
EndProject
Global
	GlobalSection(SolutionConfigurationPlatforms) = preSolution
		Debug|Any CPU = Debug|Any CPU
		Release|Any CPU = Release|Any CPU
	EndGlobalSection
	GlobalSection(ProjectConfigurationPlatforms) = postSolution
		{AEE7E216-9FC0-490C-8F20-FCDD011C9825}.Debug|Any CPU.ActiveCfg = Debug|Any CPU
		{AEE7E216-9FC0-490C-8F20-FCDD011C9825}.Debug|Any CPU.Build.0 = Debug|Any CPU
		{AEE7E216-9FC0-490C-8F20-FCDD011C9825}.Release|Any CPU.ActiveCfg = Release|Any CPU
		{AEE7E216-9FC0-490C-8F20-FCDD011C9825}.Release|Any CPU.Build.0 = Release|Any CPU
		{C45CCC59-AB72-4D98-8A5F-373C73F45AA4}.Debug|Any CPU.ActiveCfg = Debug|Any CPU
		{C45CCC59-AB72-4D98-8A5F-373C73F45AA4}.Debug|Any CPU.Build.0 = Debug|Any CPU
		{C45CCC59-AB72-4D98-8A5F-373C73F45AA4}.Release|Any CPU.ActiveCfg = Release|Any CPU
		{C45CCC59-AB72-4D98-8A5F-373C73F45AA4}.Release|Any CPU.Build.0 = Release|Any CPU
	EndGlobalSection
	GlobalSection(SolutionProperties) = preSolution
		HideSolutionNode = FALSE
	EndGlobalSection
	GlobalSection(ExtensibilityGlobals) = postSolution
		SolutionGuid = {1A72A1EB-DF82-4C5D-A57C-36316A9E993D}
	EndGlobalSection
EndGlobal
